
Microsoft Visual Studio Solution File, Format Version 12.00
# Visual Studio Version 16
VisualStudioVersion = 16.0.32228.343
MinimumVisualStudioVersion = 10.0.40219.1
Project("{8BC9CEB8-8B4A-11D0-8D11-00A0C91BC942}") = "prob 6.9", "prob 6.9\prob 6.9.vcxproj", "{675FCD4E-8E3C-48E9-8D8C-4B7C1EB39385}"
EndProject
Global
	GlobalSection(SolutionConfigurationPlatforms) = preSolution
		Debug|x64 = Debug|x64
		Debug|x86 = Debug|x86
		Release|x64 = Release|x64
		Release|x86 = Release|x86
	EndGlobalSection
	GlobalSection(ProjectConfigurationPlatforms) = postSolution
		{675FCD4E-8E3C-48E9-8D8C-4B7C1EB39385}.Debug|x64.ActiveCfg = Debug|x64
		{675FCD4E-8E3C-48E9-8D8C-4B7C1EB39385}.Debug|x64.Build.0 = Debug|x64
		{675FCD4E-8E3C-48E9-8D8C-4B7C1EB39385}.Debug|x86.ActiveCfg = Debug|Win32
		{675FCD4E-8E3C-48E9-8D8C-4B7C1EB39385}.Debug|x86.Build.0 = Debug|Win32
		{675FCD4E-8E3C-48E9-8D8C-4B7C1EB39385}.Release|x64.ActiveCfg = Release|x64
		{675FCD4E-8E3C-48E9-8D8C-4B7C1EB39385}.Release|x64.Build.0 = Release|x64
		{675FCD4E-8E3C-48E9-8D8C-4B7C1EB39385}.Release|x86.ActiveCfg = Release|Win32
		{675FCD4E-8E3C-48E9-8D8C-4B7C1EB39385}.Release|x86.Build.0 = Release|Win32
	EndGlobalSection
	GlobalSection(SolutionProperties) = preSolution
		HideSolutionNode = FALSE
	EndGlobalSection
	GlobalSection(ExtensibilityGlobals) = postSolution
		SolutionGuid = {3889F68D-1609-4E84-851A-659C94D9B0F9}
	EndGlobalSection
EndGlobal
