
Microsoft Visual Studio Solution File, Format Version 12.00
# Visual Studio Version 16
VisualStudioVersion = 16.0.32228.343
MinimumVisualStudioVersion = 10.0.40219.1
Project("{8BC9CEB8-8B4A-11D0-8D11-00A0C91BC942}") = "prob 4.5", "prob 4.5\prob 4.5.vcxproj", "{23F589ED-2860-4495-B285-6DE59B91BB82}"
EndProject
Global
	GlobalSection(SolutionConfigurationPlatforms) = preSolution
		Debug|x64 = Debug|x64
		Debug|x86 = Debug|x86
		Release|x64 = Release|x64
		Release|x86 = Release|x86
	EndGlobalSection
	GlobalSection(ProjectConfigurationPlatforms) = postSolution
		{23F589ED-2860-4495-B285-6DE59B91BB82}.Debug|x64.ActiveCfg = Debug|x64
		{23F589ED-2860-4495-B285-6DE59B91BB82}.Debug|x64.Build.0 = Debug|x64
		{23F589ED-2860-4495-B285-6DE59B91BB82}.Debug|x86.ActiveCfg = Debug|Win32
		{23F589ED-2860-4495-B285-6DE59B91BB82}.Debug|x86.Build.0 = Debug|Win32
		{23F589ED-2860-4495-B285-6DE59B91BB82}.Release|x64.ActiveCfg = Release|x64
		{23F589ED-2860-4495-B285-6DE59B91BB82}.Release|x64.Build.0 = Release|x64
		{23F589ED-2860-4495-B285-6DE59B91BB82}.Release|x86.ActiveCfg = Release|Win32
		{23F589ED-2860-4495-B285-6DE59B91BB82}.Release|x86.Build.0 = Release|Win32
	EndGlobalSection
	GlobalSection(SolutionProperties) = preSolution
		HideSolutionNode = FALSE
	EndGlobalSection
	GlobalSection(ExtensibilityGlobals) = postSolution
		SolutionGuid = {71398AB3-3BCD-46BD-BC47-BADA8615AD1B}
	EndGlobalSection
EndGlobal
