
Microsoft Visual Studio Solution File, Format Version 12.00
# Visual Studio Version 16
VisualStudioVersion = 16.0.32228.343
MinimumVisualStudioVersion = 10.0.40219.1
Project("{8BC9CEB8-8B4A-11D0-8D11-00A0C91BC942}") = "Problem2", "Problem2\Problem2.vcxproj", "{FEB5F2C8-D3F5-43A4-A8B6-2782721B7753}"
EndProject
Global
	GlobalSection(SolutionConfigurationPlatforms) = preSolution
		Debug|x64 = Debug|x64
		Debug|x86 = Debug|x86
		Release|x64 = Release|x64
		Release|x86 = Release|x86
	EndGlobalSection
	GlobalSection(ProjectConfigurationPlatforms) = postSolution
		{FEB5F2C8-D3F5-43A4-A8B6-2782721B7753}.Debug|x64.ActiveCfg = Debug|x64
		{FEB5F2C8-D3F5-43A4-A8B6-2782721B7753}.Debug|x64.Build.0 = Debug|x64
		{FEB5F2C8-D3F5-43A4-A8B6-2782721B7753}.Debug|x86.ActiveCfg = Debug|Win32
		{FEB5F2C8-D3F5-43A4-A8B6-2782721B7753}.Debug|x86.Build.0 = Debug|Win32
		{FEB5F2C8-D3F5-43A4-A8B6-2782721B7753}.Release|x64.ActiveCfg = Release|x64
		{FEB5F2C8-D3F5-43A4-A8B6-2782721B7753}.Release|x64.Build.0 = Release|x64
		{FEB5F2C8-D3F5-43A4-A8B6-2782721B7753}.Release|x86.ActiveCfg = Release|Win32
		{FEB5F2C8-D3F5-43A4-A8B6-2782721B7753}.Release|x86.Build.0 = Release|Win32
	EndGlobalSection
	GlobalSection(SolutionProperties) = preSolution
		HideSolutionNode = FALSE
	EndGlobalSection
	GlobalSection(ExtensibilityGlobals) = postSolution
		SolutionGuid = {A7460476-BC11-446D-992A-68F0EE44801E}
	EndGlobalSection
EndGlobal
